SITE
  remote: http://community.opscode.com/api/v1
  specs:
    build-essential (1.2.0)
    openssl (1.0.0)
    runit (0.16.0)

GIT
  remote: git://github.com/fnichol/chef-rvm.git
  ref: v0.8.6
  sha: f5b89cb4dafa261afb5b18c4d0936aaf302e2a15
  specs:
    rvm (0.8.6)

GIT
  remote: https://github.com/fnichol/chef-git.git
  ref: master
  sha: 6c19cbefcdad5ec0f62a64dae1f656d660698ea3
  specs:
    git (0.9.0)
      runit (>= 0.0.0)

GIT
  remote: https://github.com/opscode-cookbooks/apt.git
  ref: master
  sha: 89191a522af2f52c0825dcada6973052af473a23
  specs:
    apt (1.5.1)

GIT
  remote: https://github.com/opscode-cookbooks/mysql.git
  ref: master
  sha: 5cc96c6eba711c01924f73d5ce1316859521ca1b
  specs:
    mysql (1.3.0)
      build-essential (>= 0.0.0)
      openssl (>= 0.0.0)

DEPENDENCIES
  apt (>= 0)
  build-essential (>= 0)
  git (>= 0)
  mysql (>= 0)
  rvm (>= 0)

